<Solution>
  <Folder Name="/src/">
    <Project Path="src/DesafioFinal.Api/DesafioFinal.Api.csproj" />
    <Project Path="src/DesafioFinal.Application/DesafioFinal.Application.csproj" />
    <Project Path="src/DesafioFinal.Domain/DesafioFinal.Domain.csproj" />
    <Project Path="src/DesafioFinal.Infrastructure/DesafioFinal.Infrastructure.csproj" />
  </Folder>
</Solution>
